
Microsoft Visual Studio Solution File, Format Version 12.00
# Visual Studio Version 16
VisualStudioVersion = 16.0.31025.194
MinimumVisualStudioVersion = 10.0.40219.1
Project("{FAE04EC0-301F-11D3-BF4B-00C04F79EFBC}") = "JoseSanchez", "JoseSanchez\JoseSanchez.csproj", "{CC61F61A-501C-43E2-B14F-2F8AE1CDEE41}"
EndProject
Global
	GlobalSection(SolutionConfigurationPlatforms) = preSolution
		Debug|Any CPU = Debug|Any CPU
		Release|Any CPU = Release|Any CPU
	EndGlobalSection
	GlobalSection(ProjectConfigurationPlatforms) = postSolution
		{CC61F61A-501C-43E2-B14F-2F8AE1CDEE41}.Debug|Any CPU.ActiveCfg = Debug|Any CPU
		{CC61F61A-501C-43E2-B14F-2F8AE1CDEE41}.Debug|Any CPU.Build.0 = Debug|Any CPU
		{CC61F61A-501C-43E2-B14F-2F8AE1CDEE41}.Release|Any CPU.ActiveCfg = Release|Any CPU
		{CC61F61A-501C-43E2-B14F-2F8AE1CDEE41}.Release|Any CPU.Build.0 = Release|Any CPU
	EndGlobalSection
	GlobalSection(SolutionProperties) = preSolution
		HideSolutionNode = FALSE
	EndGlobalSection
	GlobalSection(ExtensibilityGlobals) = postSolution
		SolutionGuid = {EE5A631C-E9B0-4A6A-95DE-5B78067CDF60}
	EndGlobalSection
EndGlobal
